
Microsoft Visual Studio Solution File, Format Version 12.00
# Visual Studio 14
VisualStudioVersion = 14.0.25420.1
MinimumVisualStudioVersion = 10.0.40219.1
Project("{FAE04EC0-301F-11D3-BF4B-00C04F79EFBC}") = "Web", "Web\Web.csproj", "{A7CFD81F-F15F-4578-9D44-57E07882A149}"
EndProject
Project("{FAE04EC0-301F-11D3-BF4B-00C04F79EFBC}") = "Web.Tests", "Web.Tests\Web.Tests.csproj", "{55E3C555-9C17-4B82-9760-69D242B2BD22}"
EndProject
Project("{FAE04EC0-301F-11D3-BF4B-00C04F79EFBC}") = "TinyMock", "TinyMock\TinyMock.csproj", "{AC5AC218-5C7C-4484-A414-150CCD46E288}"
EndProject
Global
	GlobalSection(SolutionConfigurationPlatforms) = preSolution
		Debug|Any CPU = Debug|Any CPU
		Release|Any CPU = Release|Any CPU
	EndGlobalSection
	GlobalSection(ProjectConfigurationPlatforms) = postSolution
		{A7CFD81F-F15F-4578-9D44-57E07882A149}.Debug|Any CPU.ActiveCfg = Debug|Any CPU
		{A7CFD81F-F15F-4578-9D44-57E07882A149}.Debug|Any CPU.Build.0 = Debug|Any CPU
		{A7CFD81F-F15F-4578-9D44-57E07882A149}.Release|Any CPU.ActiveCfg = Release|Any CPU
		{A7CFD81F-F15F-4578-9D44-57E07882A149}.Release|Any CPU.Build.0 = Release|Any CPU
		{55E3C555-9C17-4B82-9760-69D242B2BD22}.Debug|Any CPU.ActiveCfg = Debug|Any CPU
		{55E3C555-9C17-4B82-9760-69D242B2BD22}.Debug|Any CPU.Build.0 = Debug|Any CPU
		{55E3C555-9C17-4B82-9760-69D242B2BD22}.Release|Any CPU.ActiveCfg = Release|Any CPU
		{55E3C555-9C17-4B82-9760-69D242B2BD22}.Release|Any CPU.Build.0 = Release|Any CPU
		{AC5AC218-5C7C-4484-A414-150CCD46E288}.Debug|Any CPU.ActiveCfg = Debug|Any CPU
		{AC5AC218-5C7C-4484-A414-150CCD46E288}.Debug|Any CPU.Build.0 = Debug|Any CPU
		{AC5AC218-5C7C-4484-A414-150CCD46E288}.Release|Any CPU.ActiveCfg = Release|Any CPU
		{AC5AC218-5C7C-4484-A414-150CCD46E288}.Release|Any CPU.Build.0 = Release|Any CPU
	EndGlobalSection
	GlobalSection(SolutionProperties) = preSolution
		HideSolutionNode = FALSE
	EndGlobalSection
EndGlobal
